
Microsoft Visual Studio Solution File, Format Version 12.00
# Visual Studio 15
VisualStudioVersion = 15.0.27703.2042
MinimumVisualStudioVersion = 10.0.40219.1
Project("{E53339B2-1760-4266-BCC7-CA923CBCF16C}") = "docker-compose", "docker-compose.dcproj", "{90243B0D-210F-45AE-B19C-9B46A7F44A06}"
EndProject
Project("{FAE04EC0-301F-11D3-BF4B-00C04F79EFBC}") = "Convert.Express", "src\Convert.Express.csproj", "{DAC63923-1E76-4799-8F66-C07B711976A6}"
EndProject
Project("{FAE04EC0-301F-11D3-BF4B-00C04F79EFBC}") = "convert.express.api", "convert.express.api\convert.express.api.csproj", "{C23C02AA-2A7D-491D-84E7-B0DD7451B838}"
EndProject
Global
	GlobalSection(SolutionConfigurationPlatforms) = preSolution
		Debug|Any CPU = Debug|Any CPU
		Release|Any CPU = Release|Any CPU
	EndGlobalSection
	GlobalSection(ProjectConfigurationPlatforms) = postSolution
		{90243B0D-210F-45AE-B19C-9B46A7F44A06}.Debug|Any CPU.ActiveCfg = Debug|Any CPU
		{90243B0D-210F-45AE-B19C-9B46A7F44A06}.Debug|Any CPU.Build.0 = Debug|Any CPU
		{90243B0D-210F-45AE-B19C-9B46A7F44A06}.Release|Any CPU.ActiveCfg = Release|Any CPU
		{90243B0D-210F-45AE-B19C-9B46A7F44A06}.Release|Any CPU.Build.0 = Release|Any CPU
		{DAC63923-1E76-4799-8F66-C07B711976A6}.Debug|Any CPU.ActiveCfg = Debug|Any CPU
		{DAC63923-1E76-4799-8F66-C07B711976A6}.Debug|Any CPU.Build.0 = Debug|Any CPU
		{DAC63923-1E76-4799-8F66-C07B711976A6}.Release|Any CPU.ActiveCfg = Release|Any CPU
		{DAC63923-1E76-4799-8F66-C07B711976A6}.Release|Any CPU.Build.0 = Release|Any CPU
		{C23C02AA-2A7D-491D-84E7-B0DD7451B838}.Debug|Any CPU.ActiveCfg = Debug|Any CPU
		{C23C02AA-2A7D-491D-84E7-B0DD7451B838}.Debug|Any CPU.Build.0 = Debug|Any CPU
		{C23C02AA-2A7D-491D-84E7-B0DD7451B838}.Release|Any CPU.ActiveCfg = Release|Any CPU
		{C23C02AA-2A7D-491D-84E7-B0DD7451B838}.Release|Any CPU.Build.0 = Release|Any CPU
	EndGlobalSection
	GlobalSection(SolutionProperties) = preSolution
		HideSolutionNode = FALSE
	EndGlobalSection
	GlobalSection(ExtensibilityGlobals) = postSolution
		SolutionGuid = {A3D020D0-0F40-40AD-972D-ECC1F1E3DF43}
	EndGlobalSection
EndGlobal
